
Microsoft Visual Studio Solution File, Format Version 12.00
# Visual Studio 15
Project("{FAE04EC0-301F-11D3-BF4B-00C04F79EFBC}") = "Assembly-CSharp", "Assembly-CSharp.csproj", "{11676914-CFD8-0164-8F86-F8AC06089FA7}"
EndProject
Project("{FAE04EC0-301F-11D3-BF4B-00C04F79EFBC}") = "Assembly-CSharp-Editor", "Assembly-CSharp-Editor.csproj", "{F6F4A915-6A7E-34EE-D9B8-A7E09A2BF816}"
EndProject
Global
	GlobalSection(SolutionConfigurationPlatforms) = preSolution
		Debug|Any CPU = Debug|Any CPU
		Release|Any CPU = Release|Any CPU
	EndGlobalSection
	GlobalSection(ProjectConfigurationPlatforms) = postSolution
		{11676914-CFD8-0164-8F86-F8AC06089FA7}.Debug|Any CPU.ActiveCfg = Debug|Any CPU
		{11676914-CFD8-0164-8F86-F8AC06089FA7}.Debug|Any CPU.Build.0 = Debug|Any CPU
		{11676914-CFD8-0164-8F86-F8AC06089FA7}.Release|Any CPU.ActiveCfg = Release|Any CPU
		{11676914-CFD8-0164-8F86-F8AC06089FA7}.Release|Any CPU.Build.0 = Release|Any CPU
		{F6F4A915-6A7E-34EE-D9B8-A7E09A2BF816}.Debug|Any CPU.ActiveCfg = Debug|Any CPU
		{F6F4A915-6A7E-34EE-D9B8-A7E09A2BF816}.Debug|Any CPU.Build.0 = Debug|Any CPU
		{F6F4A915-6A7E-34EE-D9B8-A7E09A2BF816}.Release|Any CPU.ActiveCfg = Release|Any CPU
		{F6F4A915-6A7E-34EE-D9B8-A7E09A2BF816}.Release|Any CPU.Build.0 = Release|Any CPU
	EndGlobalSection
	GlobalSection(SolutionProperties) = preSolution
		HideSolutionNode = FALSE
	EndGlobalSection
EndGlobal
